
Microsoft Visual Studio Solution File, Format Version 12.00
# Visual Studio Version 17
VisualStudioVersion = 17.7.34031.279
MinimumVisualStudioVersion = 10.0.40219.1
Project("{FAE04EC0-301F-11D3-BF4B-00C04F79EFBC}") = "BookManage", "BookManage\BookManage.csproj", "{4207075A-201A-4CB6-97C6-53E27507A76C}"
EndProject
Global
	GlobalSection(SolutionConfigurationPlatforms) = preSolution
		Debug|Any CPU = Debug|Any CPU
		Release|Any CPU = Release|Any CPU
	EndGlobalSection
	GlobalSection(ProjectConfigurationPlatforms) = postSolution
		{4207075A-201A-4CB6-97C6-53E27507A76C}.Debug|Any CPU.ActiveCfg = Debug|Any CPU
		{4207075A-201A-4CB6-97C6-53E27507A76C}.Debug|Any CPU.Build.0 = Debug|Any CPU
		{4207075A-201A-4CB6-97C6-53E27507A76C}.Release|Any CPU.ActiveCfg = Release|Any CPU
		{4207075A-201A-4CB6-97C6-53E27507A76C}.Release|Any CPU.Build.0 = Release|Any CPU
	EndGlobalSection
	GlobalSection(SolutionProperties) = preSolution
		HideSolutionNode = FALSE
	EndGlobalSection
	GlobalSection(ExtensibilityGlobals) = postSolution
		SolutionGuid = {5AE632F9-5AD4-49F4-AA8B-5B2B18562669}
	EndGlobalSection
EndGlobal
